
Microsoft Visual Studio Solution File, Format Version 12.00
# Visual Studio 14
VisualStudioVersion = 14.0.25420.1
MinimumVisualStudioVersion = 10.0.40219.1
Project("{FAE04EC0-301F-11D3-BF4B-00C04F79EFBC}") = "WindowMovier", "WindowMovier\WindowMovier.csproj", "{F35512B8-EB02-45B4-89E5-24B8DD42D5A0}"
EndProject
Project("{FAE04EC0-301F-11D3-BF4B-00C04F79EFBC}") = "SearchJobCRM", "SearchJobCRM\SearchJobCRM.csproj", "{78B75BCB-61CC-48FE-973D-A6D29CD76F75}"
EndProject
Project("{FAE04EC0-301F-11D3-BF4B-00C04F79EFBC}") = "FoodSelector", "FoodSelector\FoodSelector.csproj", "{46F36B4F-34AF-4157-94B7-2558CAF53224}"
EndProject
Project("{FAE04EC0-301F-11D3-BF4B-00C04F79EFBC}") = "Common", "Common\Common.csproj", "{5D4D2F08-F426-43F1-8831-82BA418231B5}"
EndProject
Project("{FAE04EC0-301F-11D3-BF4B-00C04F79EFBC}") = "MangaCompiler", "MangaCompiler\MangaCompiler.csproj", "{7D99A8F8-808D-4ACB-B916-9E9B6716476C}"
EndProject
Project("{FAE04EC0-301F-11D3-BF4B-00C04F79EFBC}") = "GamepadRemoteControl", "GamepadRemoteControl\GamepadRemoteControl.csproj", "{A55082A3-4B5F-4E0C-8508-AC740EDF9619}"
EndProject
Global
	GlobalSection(SolutionConfigurationPlatforms) = preSolution
		Debug|Any CPU = Debug|Any CPU
		Release|Any CPU = Release|Any CPU
	EndGlobalSection
	GlobalSection(ProjectConfigurationPlatforms) = postSolution
		{F35512B8-EB02-45B4-89E5-24B8DD42D5A0}.Debug|Any CPU.ActiveCfg = Debug|Any CPU
		{F35512B8-EB02-45B4-89E5-24B8DD42D5A0}.Release|Any CPU.ActiveCfg = Release|Any CPU
		{F35512B8-EB02-45B4-89E5-24B8DD42D5A0}.Release|Any CPU.Build.0 = Release|Any CPU
		{78B75BCB-61CC-48FE-973D-A6D29CD76F75}.Debug|Any CPU.ActiveCfg = Debug|Any CPU
		{78B75BCB-61CC-48FE-973D-A6D29CD76F75}.Release|Any CPU.ActiveCfg = Release|Any CPU
		{78B75BCB-61CC-48FE-973D-A6D29CD76F75}.Release|Any CPU.Build.0 = Release|Any CPU
		{46F36B4F-34AF-4157-94B7-2558CAF53224}.Debug|Any CPU.ActiveCfg = Debug|Any CPU
		{46F36B4F-34AF-4157-94B7-2558CAF53224}.Release|Any CPU.ActiveCfg = Release|Any CPU
		{46F36B4F-34AF-4157-94B7-2558CAF53224}.Release|Any CPU.Build.0 = Release|Any CPU
		{5D4D2F08-F426-43F1-8831-82BA418231B5}.Debug|Any CPU.ActiveCfg = Debug|Any CPU
		{5D4D2F08-F426-43F1-8831-82BA418231B5}.Release|Any CPU.ActiveCfg = Release|Any CPU
		{5D4D2F08-F426-43F1-8831-82BA418231B5}.Release|Any CPU.Build.0 = Release|Any CPU
		{7D99A8F8-808D-4ACB-B916-9E9B6716476C}.Debug|Any CPU.ActiveCfg = Debug|Any CPU
		{7D99A8F8-808D-4ACB-B916-9E9B6716476C}.Release|Any CPU.ActiveCfg = Release|Any CPU
		{7D99A8F8-808D-4ACB-B916-9E9B6716476C}.Release|Any CPU.Build.0 = Release|Any CPU
		{A55082A3-4B5F-4E0C-8508-AC740EDF9619}.Debug|Any CPU.ActiveCfg = Debug|Any CPU
		{A55082A3-4B5F-4E0C-8508-AC740EDF9619}.Debug|Any CPU.Build.0 = Debug|Any CPU
		{A55082A3-4B5F-4E0C-8508-AC740EDF9619}.Release|Any CPU.ActiveCfg = Release|Any CPU
		{A55082A3-4B5F-4E0C-8508-AC740EDF9619}.Release|Any CPU.Build.0 = Release|Any CPU
	EndGlobalSection
	GlobalSection(SolutionProperties) = preSolution
		HideSolutionNode = FALSE
	EndGlobalSection
EndGlobal
